{
    "_meta": {
        "hash": {
            "sha256": "a2d732735b99de266c6e09dac174f1ae18f1d097713f41d08bad5126f42625e7"
        },
        "pipfile-spec": 6,
        "requires": {},
        "sources": [
            {
                "name": "pypi",
                "url": "https://pypi.python.org/simple",
                "verify_ssl": true
            }
        ]
    },
    "default": {
        "autopep8": {
            "hashes": [
                "sha256:33d2b5325b7e1afb4240814fe982eea3a92ebea712869bfd08b3c0393404248c"
            ],
            "version": "==1.4.3"
        },
        "babel": {
            "hashes": [
                "sha256:6778d85147d5d85345c14a26aada5e478ab04e39b078b0745ee6870c2b5cf669",
                "sha256:8cba50f48c529ca3fa18cf81fa9403be176d374ac4d60738b839122dfaaa3d23"
            ],
            "version": "==2.6.0"
        },
        "certifi": {
            "hashes": [
                "sha256:47f9c83ef4c0c621eaef743f133f09fa8a74a9b75f037e8624f83bd1b6626cb7",
                "sha256:993f830721089fef441cdfeb4b2c8c9df86f0c63239f06bd025a76a7daddb033"
            ],
            "version": "==2018.11.29"
        },
        "chardet": {
            "hashes": [
                "sha256:84ab92ed1c4d4f16916e05906b6b75a6c0fb5db821cc65e70cbd64a3e2a5eaae",
                "sha256:fc323ffcaeaed0e0a02bf4d117757b98aed530d9ed4531e3e15460124c106691"
            ],
            "version": "==3.0.4"
        },
        "coreapi": {
            "hashes": [
                "sha256:af112b32104d0dbdedbac8e4c22d6068b799efad0c2328204575aad66de8f761",
                "sha256:af88b5ad7415410de9ef33bd7f7cf605534f1c4cf24de716ebe4453021249714"
            ],
            "index": "pypi",
            "version": "==2.3.1"
        },
        "coreschema": {
            "hashes": [
                "sha256:5e6ef7bf38c1525d5e55a895934ab4273548629f16aed5c0a6caa74ebf45551f",
                "sha256:9503506007d482ab0867ba14724b93c18a33b22b6d19fb419ef2d239dd4a1607"
            ],
            "index": "pypi",
            "version": "==0.0.4"
        },
        "defusedxml": {
            "hashes": [
                "sha256:24d7f2f94f7f3cb6061acb215685e5125fbcdc40a857eff9de22518820b0a4f4",
                "sha256:702a91ade2968a82beb0db1e0766a6a273f33d4616a6ce8cde475d8e09853b20"
            ],
            "version": "==0.5.0"
        },
        "diff-match-patch": {
            "hashes": [
                "sha256:a809a996d0f09b9bbd59e9bbd0b71eed8c807922512910e05cbd3f9480712ddb"
            ],
            "version": "==20181111"
        },
        "django": {
            "hashes": [
                "sha256:8176ac7985fe6737ce3d6b2531b4a2453cb7c3377c9db00bacb2b3320f4a1311",
                "sha256:b18235d82426f09733d2de9910cee975cf52ff05e5f836681eb957d105a05a40"
            ],
            "index": "pypi",
            "version": "==1.11.15"
        },
        "django-admin-list-filter-dropdown": {
            "hashes": [
                "sha256:763ae48948ac8b179227b209d9bf99bc61e325717882e479440e158bb7ed80c9"
            ],
            "index": "pypi",
            "version": "==1.0.0"
        },
        "django-admin-rangefilter": {
            "hashes": [
                "sha256:7c8767d16ea22238c53cb30ea6cfcac1dde157b31e80d2237edcb1ef9874d54f"
            ],
            "index": "pypi",
            "version": "==0.2.1"
        },
        "django-admin-select2": {
            "hashes": [
                "sha256:cea780b7c547cb291553b2f66f5b37e37d0fac1e85e41f1b28d32cfd720c0fce"
            ],
            "index": "pypi",
            "version": "==1.0.1"
        },
        "django-admin-sortable": {
            "hashes": [
                "sha256:6e9e6eff347340bb3c6740badb40e1cb2a9cbd5025e9a7459ca3b13fea00d2ba"
            ],
            "index": "pypi",
            "version": "==2.1.11"
        },
        "django-app-namespace-template-loader": {
            "hashes": [
                "sha256:356539413b5d1de0eff91aea7a03806b5ef6874ee5420ea8c273f72bbc601d74",
                "sha256:7a450985479a2e07fe8a1e4e8208fc9e1d8b35503526dd28eba5f8ad4ba31d4e"
            ],
            "index": "pypi",
            "version": "==0.4.1"
        },
        "django-auth-ldap": {
            "hashes": [
                "sha256:46e67e98954138ec7c5f6bd0e3ef10311bf5b6d07d4931f9f221c33923ec5857",
                "sha256:472deb438e6f9fea6de19c0779a550581a42d5351e321b8ce949345aff76b24b",
                "sha256:4895e506c574787b2eab67d0cbc45a383538057b80daf2f7a1508ce569208be8"
            ],
            "index": "pypi",
            "version": "==1.2.8"
        },
        "django-braces": {
            "hashes": [
                "sha256:a457d74ea29478123c0c4652272681b3cea0bf1232187fd9f9b6f1d97d32a890",
                "sha256:ba68e98b817c6f01d71d10849f359979617b3fe4cefb7f289adefddced092ddc"
            ],
            "version": "==1.13.0"
        },
        "django-configurations": {
            "hashes": [
                "sha256:b4a4eb3ed631c2abbeb7008b5cc5d8d04b190df838e7b613731d728f674f3a2f",
                "sha256:be47e25d070fd005cc8fbd6c913c9ec37e83d04686937afe18ca6c579b2cdedb"
            ],
            "index": "pypi",
            "version": "==2.0"
        },
        "django-cors-headers": {
            "hashes": [
                "sha256:3054fcf459562769df107d776bafc4e29d8ad36ca781504cb2d755fdff398015",
                "sha256:f8f5e82e5ff1632b0151e7d7560da25a9eca52f1407b6aff45505efa13098b32"
            ],
            "index": "pypi",
            "version": "==1.3.0"
        },
        "django-countries": {
            "hashes": [
                "sha256:3c7cfeb396150b899116e46b5c6109e13b880db96792f9d5d4a953a9b9085111",
                "sha256:f7f450fb58cdf125daa15dd49a1f578337f69ee7df546d36f135207c515a9c6e"
            ],
            "index": "pypi",
            "version": "==5.1.1"
        },
        "django-crispy-forms": {
            "hashes": [
                "sha256:18e904c7bd55c45201739cb343272767ff820263a1fca40a7b388006ce94910c",
                "sha256:c894f3a44e111ae6c6226c67741d96d120adb942de41dc8b2a991b87de7ff9c0"
            ],
            "index": "pypi",
            "version": "==1.6.1"
        },
        "django-dirtyfields": {
            "hashes": [
                "sha256:c3aafe524fc26c6ac573bbaf3ea852607e7b0f8622a2ec23dcdf65e1a9dcb7bb"
            ],
            "index": "pypi",
            "version": "==1.3.1"
        },
        "django-downloadview": {
            "hashes": [
                "sha256:8d8b5b3bab393476525cb020fb9e265c6d11cd70254a78d1f4ac32d8df655361"
            ],
            "index": "pypi",
            "version": "==1.9"
        },
        "django-filter": {
            "hashes": [
                "sha256:3dafb7d2810790498895c22a1f31b2375795910680ac9c1432821cbedb1e176d",
                "sha256:a3014de317bef0cd43075a0f08dfa1d319a7ccc5733c3901fb860da70b0dda68"
            ],
            "index": "pypi",
            "version": "==2.1.0"
        },
        "django-gravatar2": {
            "hashes": [
                "sha256:48a18d3b6fcf9628bb0522e45cbe3bc2fb50c63f6f5851ae6fdede9e86a11eb2",
                "sha256:94b19a30d49d64febbd3a64967769dba8965209be1890fb80f62e83a8df498ec"
            ],
            "index": "pypi",
            "version": "==1.4.0"
        },
        "django-ical": {
            "hashes": [
                "sha256:80071168c7113d8ddf5907bd02bc32af017cf2bfb401d3e988d657819bce4756",
                "sha256:afdf3020e6f7ed5955a4fc4d500283714b80bed16fcc3724a24e1fdae2bff7ed"
            ],
            "index": "pypi",
            "version": "==1.5"
        },
        "django-import-export": {
            "hashes": [
                "sha256:830824f79aae39e4212bb03aabdd83dc57931420557b757981cf6add8d07e611",
                "sha256:99fae7d963af4ade97af9237a843f250312421fa4ee350a3b735fcc5684c3fb5"
            ],
            "index": "pypi",
            "version": "==1.2.0"
        },
        "django-logentry-admin": {
            "hashes": [
                "sha256:0033fa146b5c3d1195a1d306e5b665a22b901450e55715f3dec50c2b4076f8f6"
            ],
            "index": "pypi",
            "version": "==1.0.4"
        },
        "django-model-utils": {
            "hashes": [
                "sha256:1587729b129b3b0802c80243312cd9dfd90aa3cee290f7335ea4c2e429488f61"
            ],
            "index": "pypi",
            "version": "==2.6"
        },
        "django-oauth-toolkit": {
            "hashes": [
                "sha256:22dcf08674a0b7d7fa7e8abd97d9df9884c1222de3f148473d60d2d7e2ed399a"
            ],
            "index": "pypi",
            "version": "==0.10.0"
        },
        "django-phonenumber-field": {
            "hashes": [
                "sha256:07f18e3a26310453c03c7e67dc9743335dc19a645fcb38e84284a50903f506c0"
            ],
            "index": "pypi",
            "version": "==2.1.0"
        },
        "django-polymorphic": {
            "hashes": [
                "sha256:8737b465ebf5fad772b4c52272189c352f5904f468d298584a3469187e3207ad",
                "sha256:8f4e36ada0ec16b98de0b6e53477772fcac3ece89a1da8473ee6aa4e658775a7"
            ],
            "index": "pypi",
            "version": "==1.3"
        },
        "django-registration": {
            "hashes": [
                "sha256:543ee96540c7a09ea19cfac7d4d282d921fd9a37cdd4ee2e54074d7feaea7697"
            ],
            "index": "pypi",
            "version": "==2.1.2"
        },
        "django-rest-assured": {
            "hashes": [
                "sha256:e2a0ad0251eab7f2f6a3d47558da244e26f2f8de70d4c0a66da91238b87e5ba9"
            ],
            "index": "pypi",
            "version": "==0.2.0"
        },
        "django-rest-framework": {
            "hashes": [
                "sha256:47a8f496fa69e3b6bd79f68dd7a1527d907d6b77f009e9db7cf9bb21cc565e4a"
            ],
            "index": "pypi",
            "version": "==0.1.0"
        },
        "django-rest-swagger": {
            "hashes": [
                "sha256:3e4de73b16de02f0d8ee048ea6e9fdcd268ab28a45b15a64209a32469bd6601b",
                "sha256:fee4e901deb039d353c7bf7f12e24a8525d247c73cecc9941d9d90ccc69b62ee"
            ],
            "index": "pypi",
            "version": "==2.0.7"
        },
        "django-settings-export": {
            "hashes": [
                "sha256:fceeae49fc597f654c1217415d8e049fc81c930b7154f5d8f28c432db738ff79"
            ],
            "index": "pypi",
            "version": "==1.2.1"
        },
        "django-silk": {
            "hashes": [
                "sha256:ab6b7151a54eaa14d4fc77a58fd75e7c0c8bd60d29c87e55575845a304b0c0eb",
                "sha256:bce0e35d2a6ec3688a0c062c6964695beef4a452be48085f2c1e25f685652d9d"
            ],
            "index": "pypi",
            "version": "==3.0.1"
        },
        "django-sql-explorer": {
            "hashes": [
                "sha256:65e7b972a51037f4e2de27412dc052f87a4ca58d4c4e8eab4c91d40119f9eace"
            ],
            "index": "pypi",
            "version": "==1.1.2"
        },
        "django-tables2": {
            "hashes": [
                "sha256:a893fca1afe2e95b9739c6428cc6c9735a219f65707e24274df3920f61358525",
                "sha256:b5f7b4c76160ee927005e52ebea633c86d4529cf84757c0acd5d0434d31798a1"
            ],
            "index": "pypi",
            "version": "==2.0.4"
        },
        "django-wkhtmltopdf": {
            "hashes": [
                "sha256:4cf07226332b89102e2ab1302fdd6cad402677ebfb2d50efad7cb3056a54151b",
                "sha256:5dc89264b970d63f41b99c6722ccd47b15292598bec84248f3b94e5673dcfeac"
            ],
            "index": "pypi",
            "version": "==3.2.0"
        },
        "djangorestframework": {
            "hashes": [
                "sha256:1f6baf40ed456ed2af6bd1a4ff8bbc3503cebea16509993aea2b7085bc097766",
                "sha256:9f9e94e8d22b100ed3a43cee8c47a7ff7b185e778a1f2da9ec5c73fc4e081b87"
            ],
            "index": "pypi",
            "version": "==3.7.7"
        },
        "djangorestframework-filters": {
            "hashes": [
                "sha256:1f51945b46f476b8184518e2881febcf3772b606b73ce022a4b7e7ff3763895d",
                "sha256:6d72c304d543b0e5597defe89ba581517455e86ac84efd17526eda27118236e8"
            ],
            "index": "pypi",
            "version": "==0.10.2"
        },
        "et-xmlfile": {
            "hashes": [
                "sha256:614d9722d572f6246302c4491846d2c393c199cfa4edc9af593437691683335b"
            ],
            "version": "==1.0.1"
        },
        "factory-boy": {
            "hashes": [
                "sha256:246f7da9caf9bf855aaa73b4963353ccb147fdd3adcbc419fa29422c5b69dd4c",
                "sha256:a6644e391a371be603aca8624f3dedbc5a2aa4622878c20494ba17abb4b171bb"
            ],
            "index": "pypi",
            "version": "==2.8.1"
        },
        "faker": {
            "hashes": [
                "sha256:ad46c741aa5002835b06fc110b6674e36c2c047e1cb1a0808009b30384a3c976",
                "sha256:ae668144379c56f3f1cb4d4abb2369a7e2d4028890f882b0445686745ccb4a84"
            ],
            "index": "pypi",
            "version": "==0.7.3"
        },
        "gprof2dot": {
            "hashes": [
                "sha256:48c1e168c28b8a8eb23bf30fda78fe2ef218269a41505341ec27c27083e47cf4"
            ],
            "version": "==2016.10.13"
        },
        "humanize": {
            "hashes": [
                "sha256:a43f57115831ac7c70de098e6ac46ac13be00d69abbf60bdcac251344785bb19"
            ],
            "index": "pypi",
            "version": "==0.5.1"
        },
        "icalendar": {
            "hashes": [
                "sha256:07c2447a1d44cbb27c90b8c6a5c98e890cc1853c6223e2a52195cddec26c6356",
                "sha256:83f7248b7485ddd29c7d69b706b21c441e34855d9c1d888939fd24aefdd9d19b"
            ],
            "version": "==4.0.3"
        },
        "idna": {
            "hashes": [
                "sha256:c357b3f628cf53ae2c4c05627ecc484553142ca23264e593d327bcde5e9c3407",
                "sha256:ea8b7f6188e6fa117537c3df7da9fc686d485087abf6ac197f9c46432f7e4a3c"
            ],
            "version": "==2.8"
        },
        "itypes": {
            "hashes": [
                "sha256:c6e77bb9fd68a4bfeb9d958fea421802282451a25bac4913ec94db82a899c073"
            ],
            "version": "==1.1.0"
        },
        "jdcal": {
            "hashes": [
                "sha256:948fb8d079e63b4be7a69dd5f0cd618a0a57e80753de8248fd786a8a20658a07",
                "sha256:ea0a5067c5f0f50ad4c7bdc80abad3d976604f6fb026b0b3a17a9d84bb9046c9"
            ],
            "version": "==1.4"
        },
        "jinja2": {
            "hashes": [
                "sha256:74c935a1b8bb9a3947c50a54766a969d4846290e1e788ea44c1392163723c3bd",
                "sha256:f84be1bb0040caca4cea721fcbbbbd61f9be9464ca236387158b0feea01914a4"
            ],
            "version": "==2.10"
        },
        "markdown2": {
            "hashes": [
                "sha256:7edaa8ecc2843b4404e1cb754a52d1d135ecf181b475d2f32bbc36a562ef407d",
                "sha256:e65d653173f754f616e0a9ccd4496e38e0fe7def285dd8b495a035b75974aa98"
            ],
            "index": "pypi",
            "version": "==2.3.7"
        },
        "markupsafe": {
            "hashes": [
                "sha256:048ef924c1623740e70204aa7143ec592504045ae4429b59c30054cb31e3c432",
                "sha256:130f844e7f5bdd8e9f3f42e7102ef1d49b2e6fdf0d7526df3f87281a532d8c8b",
                "sha256:19f637c2ac5ae9da8bfd98cef74d64b7e1bb8a63038a3505cd182c3fac5eb4d9",
                "sha256:1b8a7a87ad1b92bd887568ce54b23565f3fd7018c4180136e1cf412b405a47af",
                "sha256:1c25694ca680b6919de53a4bb3bdd0602beafc63ff001fea2f2fc16ec3a11834",
                "sha256:1f19ef5d3908110e1e891deefb5586aae1b49a7440db952454b4e281b41620cd",
                "sha256:1fa6058938190ebe8290e5cae6c351e14e7bb44505c4a7624555ce57fbbeba0d",
                "sha256:31cbb1359e8c25f9f48e156e59e2eaad51cd5242c05ed18a8de6dbe85184e4b7",
                "sha256:3e835d8841ae7863f64e40e19477f7eb398674da6a47f09871673742531e6f4b",
                "sha256:4e97332c9ce444b0c2c38dd22ddc61c743eb208d916e4265a2a3b575bdccb1d3",
                "sha256:525396ee324ee2da82919f2ee9c9e73b012f23e7640131dd1b53a90206a0f09c",
                "sha256:52b07fbc32032c21ad4ab060fec137b76eb804c4b9a1c7c7dc562549306afad2",
                "sha256:52ccb45e77a1085ec5461cde794e1aa037df79f473cbc69b974e73940655c8d7",
                "sha256:5c3fbebd7de20ce93103cb3183b47671f2885307df4a17a0ad56a1dd51273d36",
                "sha256:5e5851969aea17660e55f6a3be00037a25b96a9b44d2083651812c99d53b14d1",
                "sha256:5edfa27b2d3eefa2210fb2f5d539fbed81722b49f083b2c6566455eb7422fd7e",
                "sha256:7d263e5770efddf465a9e31b78362d84d015cc894ca2c131901a4445eaa61ee1",
                "sha256:83381342bfc22b3c8c06f2dd93a505413888694302de25add756254beee8449c",
                "sha256:857eebb2c1dc60e4219ec8e98dfa19553dae33608237e107db9c6078b1167856",
                "sha256:98e439297f78fca3a6169fd330fbe88d78b3bb72f967ad9961bcac0d7fdd1550",
                "sha256:bf54103892a83c64db58125b3f2a43df6d2cb2d28889f14c78519394feb41492",
                "sha256:d9ac82be533394d341b41d78aca7ed0e0f4ba5a2231602e2f05aa87f25c51672",
                "sha256:e982fe07ede9fada6ff6705af70514a52beb1b2c3d25d4e873e82114cf3c5401",
                "sha256:edce2ea7f3dfc981c4ddc97add8a61381d9642dc3273737e756517cc03e84dd6",
                "sha256:efdc45ef1afc238db84cb4963aa689c0408912a0239b0721cb172b4016eb31d6",
                "sha256:f137c02498f8b935892d5c0172560d7ab54bc45039de8805075e19079c639a9c",
                "sha256:f82e347a72f955b7017a39708a3667f106e6ad4d10b25f237396a7115d8ed5fd",
                "sha256:fb7c206e01ad85ce57feeaaa0bf784b97fa3cad0d4a5737bc5295785f5c613a1"
            ],
            "version": "==1.1.0"
        },
        "mysqlclient": {
            "hashes": [
                "sha256:6883a4dd98903bad375c859ead1a480e1245ea3a8d9b038ea2c091c1865ba673",
                "sha256:a62220410e26ce2d2ff94dd0138c3ecfb91db634464a9afb4c8e6b50f0a67e00",
                "sha256:e1b9f3a8928ddb4985ca3e3c9f2aa81b19e831bbf6fabf5681ee356738dbbbb2"
            ],
            "index": "pypi",
            "version": "==1.4.1"
        },
        "oauthlib": {
            "hashes": [
                "sha256:ef4bfe4663ca3b97a995860c0173b967ebd98033d02f38c9e1b2cbb6c191d9ad"
            ],
            "version": "==1.0.3"
        },
        "odfpy": {
            "hashes": [
                "sha256:596021f0519623ca8717331951c95e3b8d7b21e86edc7efe8cb650a0d0f59a2b"
            ],
            "version": "==1.4.0"
        },
        "openapi-codec": {
            "hashes": [
                "sha256:1bce63289edf53c601ea3683120641407ff6b708803b8954c8a876fe778d2145"
            ],
            "version": "==1.3.2"
        },
        "openpyxl": {
            "hashes": [
                "sha256:7bcf019a0be528673a8aec1e60b5c863342c3231962dbf7922fd4da42a49a91a"
            ],
            "version": "==2.5.12"
        },
        "phonenumberslite": {
            "hashes": [
                "sha256:67f888933834aae73707a4bc3f628ec1ea5c0eeb29d669015c4d61d0b71a9804",
                "sha256:d6e4f2e99fcfc096cad3a4332b52ed6fc318bae4dc7e666c39b74a2f17ea79bb"
            ],
            "index": "pypi",
            "version": "==8.10.3"
        },
        "pyasn1": {
            "hashes": [
                "sha256:da2420fe13a9452d8ae97a0e478adde1dee153b11ba832a95b223a2ba01c10f7",
                "sha256:da6b43a8c9ae93bc80e2739efb38cc776ba74a886e3e9318d65fe81a8b8a2c6e"
            ],
            "version": "==0.4.5"
        },
        "pyasn1-modules": {
            "hashes": [
                "sha256:642afdabb681d39f5948fd5477764d94faf17ce40e5691e9998b52815fbb4e71",
                "sha256:d14fcb29dabecba3d7b360bf72327c26c385248a5d603cf6be5f566ce999b261"
            ],
            "version": "==0.2.3"
        },
        "pycodestyle": {
            "hashes": [
                "sha256:cbc619d09254895b0d12c2c691e237b2e91e9b2ecf5e84c26b35400f93dcfb83",
                "sha256:cbfca99bd594a10f674d0cd97a3d802a1fdef635d4361e1a2658de47ed261e3a"
            ],
            "version": "==2.4.0"
        },
        "pygments": {
            "hashes": [
                "sha256:5ffada19f6203563680669ee7f53b64dabbeb100eb51b61996085e99c03b284a",
                "sha256:e8218dd399a61674745138520d0d4cf2621d7e032439341bc3f647bff125818d"
            ],
            "version": "==2.3.1"
        },
        "pyldap": {
            "hashes": [
                "sha256:9ea6ae79b48f3178561a6bc105bcbc77231d5994e67ffb81b7699b8f19dd92c3"
            ],
            "version": "==3.0.0.post1"
        },
        "pypugjs": {
            "hashes": [
                "sha256:0f5c6af1a1e9d5b747b0f43defb1bce8950810d9f884c147d8a9264cbf52f159"
            ],
            "index": "pypi",
            "version": "==5.7.2"
        },
        "python-dateutil": {
            "hashes": [
                "sha256:063df5763652e21de43de7d9e00ccf239f953a832941e37be541614732cdfc93",
                "sha256:88f9287c0174266bb0d8cedd395cfba9c58e87e5ad86b2ce58859bc11be3cf02"
            ],
            "version": "==2.7.5"
        },
        "python-ldap": {
            "hashes": [
                "sha256:41975e79406502c092732c57ef0c2c2eb318d91e8e765f81f5d4ab6c1db727c5"
            ],
            "version": "==3.1.0"
        },
        "python-redmine": {
            "hashes": [
                "sha256:e65a0213be1b3b246201e3f52e36ad0971a966f847e84c38f653e5f712bb98a1",
                "sha256:f2fafb0e0fccb027f1a05d6830e7d6bb822bbea1915b0ce570b841bcda469be0"
            ],
            "index": "pypi",
            "version": "==2.0.2"
        },
        "pytz": {
            "hashes": [
                "sha256:07edfc3d4d2705a20a6e99d97f0c4b61c800b8232dc1c04d87e8554f130148dd",
                "sha256:410bcd1d6409026fbaa65d9ed33bf6dd8b1e94a499e32168acfc7b332e4095c0"
            ],
            "index": "pypi",
            "version": "==2018.3"
        },
        "pyyaml": {
            "hashes": [
                "sha256:16b20e970597e051997d90dc2cddc713a2876c47e3d92d59ee198700c5427736",
                "sha256:3262c96a1ca437e7e4763e2843746588a965426550f3797a79fca9c6199c431f",
                "sha256:592766c6303207a20efc445587778322d7f73b161bd994f227adaa341ba212ab",
                "sha256:5ac82e411044fb129bae5cfbeb3ba626acb2af31a8d17d175004b70862a741a7",
                "sha256:827dc04b8fa7d07c44de11fabbc888e627fa8293b695e0f99cb544fdfa1bf0d1",
                "sha256:bc6bced57f826ca7cb5125a10b23fd0f2fff3b7c4701d64c439a300ce665fff8",
                "sha256:c01b880ec30b5a6e6aa67b09a2fe3fb30473008c85cd6a67359a1b15ed6d83a4",
                "sha256:e863072cdf4c72eebf179342c94e6989c67185842d9997960b3e69290b2fa269"
            ],
            "index": "pypi",
            "version": "==3.12"
        },
        "requests": {
            "hashes": [
                "sha256:502a824f31acdacb3a35b6690b5fbf0bc41d63a24a45c4004352b0242707598e",
                "sha256:7bf2a778576d825600030a110f3c0e3e8edc51dfaafe1c146e39a2027784957b"
            ],
            "version": "==2.21.0"
        },
        "simplejson": {
            "hashes": [
                "sha256:067a7177ddfa32e1483ba5169ebea1bc2ea27f224853211ca669325648ca5642",
                "sha256:2fc546e6af49fb45b93bbe878dea4c48edc34083729c0abd09981fe55bdf7f91",
                "sha256:354fa32b02885e6dae925f1b5bbf842c333c1e11ea5453ddd67309dc31fdb40a",
                "sha256:37e685986cf6f8144607f90340cff72d36acf654f3653a6c47b84c5c38d00df7",
                "sha256:3af610ee72efbe644e19d5eaad575c73fb83026192114e5f6719f4901097fce2",
                "sha256:3b919fc9cf508f13b929a9b274c40786036b31ad28657819b3b9ba44ba651f50",
                "sha256:3dd289368bbd064974d9a5961101f080e939cbe051e6689a193c99fb6e9ac89b",
                "sha256:6c3258ffff58712818a233b9737fe4be943d306c40cf63d14ddc82ba563f483a",
                "sha256:75e3f0b12c28945c08f54350d91e624f8dd580ab74fd4f1bbea54bc6b0165610",
                "sha256:b1f329139ba647a9548aa05fb95d046b4a677643070dc2afc05fa2e975d09ca5",
                "sha256:ee9625fc8ee164902dfbb0ff932b26df112da9f871c32f0f9c1bcf20c350fe2a",
                "sha256:fb2530b53c28f0d4d84990e945c2ebb470edb469d63e389bf02ff409012fe7c5"
            ],
            "version": "==3.16.0"
        },
        "six": {
            "hashes": [
                "sha256:3350809f0555b11f552448330d0b52d5f24c91a322ea4a15ef22629740f3761c",
                "sha256:d16a0141ec1a18405cd4ce8b4613101da75da0e9a7aec5bdd4fa804d0e0eba73"
            ],
            "version": "==1.12.0"
        },
        "sqlparse": {
            "hashes": [
                "sha256:ce028444cfab83be538752a2ffdb56bc417b7784ff35bb9a3062413717807dec",
                "sha256:d9cf190f51cbb26da0412247dfe4fb5f4098edb73db84e02f9fc21fdca31fed4"
            ],
            "version": "==0.2.4"
        },
        "tablib": {
            "hashes": [
                "sha256:b8cf50a61d66655229993f2ee29220553fb2c80403479f8e6de77c0c24649d87"
            ],
            "index": "pypi",
            "version": "==0.12.1"
        },
        "unicodecsv": {
            "hashes": [
                "sha256:018c08037d48649a0412063ff4eda26eaa81eff1546dbffa51fa5293276ff7fc"
            ],
            "version": "==0.14.1"
        },
        "uritemplate": {
            "hashes": [
                "sha256:01c69f4fe8ed503b2951bef85d996a9d22434d2431584b5b107b2981ff416fbd",
                "sha256:1b9c467a940ce9fb9f50df819e8ddd14696f89b9a8cc87ac77952ba416e0a8fd",
                "sha256:c02643cebe23fc8adb5e6becffe201185bf06c40bda5c0b4028a93f1527d011d"
            ],
            "version": "==3.0.0"
        },
        "urllib3": {
            "hashes": [
                "sha256:61bf29cada3fc2fbefad4fdf059ea4bd1b4a86d2b6d15e1c7c0b582b9752fe39",
                "sha256:de9529817c93f27c8ccbfead6985011db27bd0ddfcdb2d86f3f663385c6a9c22"
            ],
            "version": "==1.24.1"
        },
        "xlrd": {
            "hashes": [
                "sha256:546eb36cee8db40c3eaa46c351e67ffee6eeb5fa2650b71bc4c758a29a1b29b2",
                "sha256:e551fb498759fa3a5384a94ccd4c3c02eb7c00ea424426e212ac0c57be9dfbde"
            ],
            "version": "==1.2.0"
        },
        "xlwt": {
            "hashes": [
                "sha256:a082260524678ba48a297d922cc385f58278b8aa68741596a87de01a9c628b2e",
                "sha256:c59912717a9b28f1a3c2a98fd60741014b06b043936dcecbc113eaaada156c88"
            ],
            "version": "==1.3.0"
        }
    },
    "develop": {
        "astroid": {
            "hashes": [
                "sha256:35b032003d6a863f5dcd7ec11abd5cd5893428beaa31ab164982403bcb311f22",
                "sha256:6a5d668d7dc69110de01cdf7aeec69a679ef486862a0850cc0fd5571505b6b7e"
            ],
            "version": "==2.1.0"
        },
        "filelock": {
            "hashes": [
                "sha256:b8d5ca5ca1c815e1574aee746650ea7301de63d87935b3463d26368b76e31633",
                "sha256:d610c1bb404daf85976d7a82eb2ada120f04671007266b708606565dd03b5be6"
            ],
            "version": "==3.0.10"
        },
        "isort": {
            "hashes": [
                "sha256:1153601da39a25b14ddc54955dbbacbb6b2d19135386699e2ad58517953b34af",
                "sha256:b9c40e9750f3d77e6e4d441d8b0266cf555e7cdabdcff33c4fd06366ca761ef8",
                "sha256:ec9ef8f4a9bc6f71eec99e1806bfa2de401650d996c59330782b89a5555c1497"
            ],
            "version": "==4.3.4"
        },
        "lazy-object-proxy": {
            "hashes": [
                "sha256:0ce34342b419bd8f018e6666bfef729aec3edf62345a53b537a4dcc115746a33",
                "sha256:1b668120716eb7ee21d8a38815e5eb3bb8211117d9a90b0f8e21722c0758cc39",
                "sha256:209615b0fe4624d79e50220ce3310ca1a9445fd8e6d3572a896e7f9146bbf019",
                "sha256:27bf62cb2b1a2068d443ff7097ee33393f8483b570b475db8ebf7e1cba64f088",
                "sha256:27ea6fd1c02dcc78172a82fc37fcc0992a94e4cecf53cb6d73f11749825bd98b",
                "sha256:2c1b21b44ac9beb0fc848d3993924147ba45c4ebc24be19825e57aabbe74a99e",
                "sha256:2df72ab12046a3496a92476020a1a0abf78b2a7db9ff4dc2036b8dd980203ae6",
                "sha256:320ffd3de9699d3892048baee45ebfbbf9388a7d65d832d7e580243ade426d2b",
                "sha256:50e3b9a464d5d08cc5227413db0d1c4707b6172e4d4d915c1c70e4de0bbff1f5",
                "sha256:5276db7ff62bb7b52f77f1f51ed58850e315154249aceb42e7f4c611f0f847ff",
                "sha256:61a6cf00dcb1a7f0c773ed4acc509cb636af2d6337a08f362413c76b2b47a8dd",
                "sha256:6ae6c4cb59f199d8827c5a07546b2ab7e85d262acaccaacd49b62f53f7c456f7",
                "sha256:7661d401d60d8bf15bb5da39e4dd72f5d764c5aff5a86ef52a042506e3e970ff",
                "sha256:7bd527f36a605c914efca5d3d014170b2cb184723e423d26b1fb2fd9108e264d",
                "sha256:7cb54db3535c8686ea12e9535eb087d32421184eacc6939ef15ef50f83a5e7e2",
                "sha256:7f3a2d740291f7f2c111d86a1c4851b70fb000a6c8883a59660d95ad57b9df35",
                "sha256:81304b7d8e9c824d058087dcb89144842c8e0dea6d281c031f59f0acf66963d4",
                "sha256:933947e8b4fbe617a51528b09851685138b49d511af0b6c0da2539115d6d4514",
                "sha256:94223d7f060301b3a8c09c9b3bc3294b56b2188e7d8179c762a1cda72c979252",
                "sha256:ab3ca49afcb47058393b0122428358d2fbe0408cf99f1b58b295cfeb4ed39109",
                "sha256:bd6292f565ca46dee4e737ebcc20742e3b5be2b01556dafe169f6c65d088875f",
                "sha256:cb924aa3e4a3fb644d0c463cad5bc2572649a6a3f68a7f8e4fbe44aaa6d77e4c",
                "sha256:d0fc7a286feac9077ec52a927fc9fe8fe2fabab95426722be4c953c9a8bede92",
                "sha256:ddc34786490a6e4ec0a855d401034cbd1242ef186c20d79d2166d6a4bd449577",
                "sha256:e34b155e36fa9da7e1b7c738ed7767fc9491a62ec6af70fe9da4a057759edc2d",
                "sha256:e5b9e8f6bda48460b7b143c3821b21b452cb3a835e6bbd5dd33aa0c8d3f5137d",
                "sha256:e81ebf6c5ee9684be8f2c87563880f93eedd56dd2b6146d8a725b50b7e5adb0f",
                "sha256:eb91be369f945f10d3a49f5f9be8b3d0b93a4c2be8f8a5b83b0571b8123e0a7a",
                "sha256:f460d1ceb0e4a5dcb2a652db0904224f367c9b3c1470d5a7683c0480e582468b"
            ],
            "version": "==1.3.1"
        },
        "mccabe": {
            "hashes": [
                "sha256:ab8a6258860da4b6677da4bd2fe5dc2c659cff31b3ee4f7f5d64e79735b80d42",
                "sha256:dd8d182285a0fe56bace7f45b5e7d1a6ebcbf524e8f3bd87eb0f125271b8831f"
            ],
            "version": "==0.6.1"
        },
        "pluggy": {
            "hashes": [
                "sha256:8ddc32f03971bfdf900a81961a48ccf2fb677cf7715108f85295c67405798616",
                "sha256:980710797ff6a041e9a73a5787804f848996ecaa6f8a1b1e08224a5894f2074a"
            ],
            "version": "==0.8.1"
        },
        "pudb": {
            "hashes": [
                "sha256:8d8b974641b7a7a2a721af01c9dce5eac8e05a2ceebc2680725ba8eef1ca876e"
            ],
            "index": "pypi",
            "version": "==2018.1"
        },
        "py": {
            "hashes": [
                "sha256:bf92637198836372b520efcba9e020c330123be8ce527e535d185ed4b6f45694",
                "sha256:e76826342cefe3c3d5f7e8ee4316b80d1dd8a300781612ddbc765c17ba25a6c6"
            ],
            "version": "==1.7.0"
        },
        "pygments": {
            "hashes": [
                "sha256:5ffada19f6203563680669ee7f53b64dabbeb100eb51b61996085e99c03b284a",
                "sha256:e8218dd399a61674745138520d0d4cf2621d7e032439341bc3f647bff125818d"
            ],
            "version": "==2.3.1"
        },
        "pylint": {
            "hashes": [
                "sha256:689de29ae747642ab230c6d37be2b969bf75663176658851f456619aacf27492",
                "sha256:771467c434d0d9f081741fec1d64dfb011ed26e65e12a28fe06ca2f61c4d556c"
            ],
            "index": "pypi",
            "version": "==2.2.2"
        },
        "six": {
            "hashes": [
                "sha256:3350809f0555b11f552448330d0b52d5f24c91a322ea4a15ef22629740f3761c",
                "sha256:d16a0141ec1a18405cd4ce8b4613101da75da0e9a7aec5bdd4fa804d0e0eba73"
            ],
            "version": "==1.12.0"
        },
        "toml": {
            "hashes": [
                "sha256:229f81c57791a41d65e399fc06bf0848bab550a9dfd5ed66df18ce5f05e73d5c",
                "sha256:235682dd292d5899d361a811df37e04a8828a5b1da3115886b73cf81ebc9100e"
            ],
            "version": "==0.10.0"
        },
        "tox": {
            "hashes": [
                "sha256:04f8f1aa05de8e76d7a266ccd14e0d665d429977cd42123bc38efa9b59964e9e",
                "sha256:25ef928babe88c71e3ed3af0c464d1160b01fca2dd1870a5bb26c2dea61a17fc"
            ],
            "index": "pypi",
            "version": "==3.7.0"
        },
        "typed-ast": {
            "hashes": [
                "sha256:023625bfa9359e29bd6e24cac2a4503495b49761d48a5f1e38333fc4ac4d93fe",
                "sha256:07591f7a5fdff50e2e566c4c1e9df545c75d21e27d98d18cb405727ed0ef329c",
                "sha256:153e526b0f4ffbfada72d0bb5ffe8574ba02803d2f3a9c605c8cf99dfedd72a2",
                "sha256:3ad2bdcd46a4a1518d7376e9f5016d17718a9ed3c6a3f09203d832f6c165de4a",
                "sha256:3ea98c84df53ada97ee1c5159bb3bc784bd734231235a1ede14c8ae0775049f7",
                "sha256:51a7141ccd076fa561af107cfb7a8b6d06a008d92451a1ac7e73149d18e9a827",
                "sha256:52c93cd10e6c24e7ac97e8615da9f224fd75c61770515cb323316c30830ddb33",
                "sha256:6344c84baeda3d7b33e157f0b292e4dd53d05ddb57a63f738178c01cac4635c9",
                "sha256:64699ca1b3bd5070bdeb043e6d43bc1d0cebe08008548f4a6bee782b0ecce032",
                "sha256:74903f2e56bbffe29282ef8a5487d207d10be0f8513b41aff787d954a4cf91c9",
                "sha256:7891710dba83c29ee2bd51ecaa82f60f6bede40271af781110c08be134207bf2",
                "sha256:91976c56224e26c256a0de0f76d2004ab885a29423737684b4f7ebdd2f46dde2",
                "sha256:9bad678a576ecc71f25eba9f1e3fd8d01c28c12a2834850b458428b3e855f062",
                "sha256:b4726339a4c180a8b6ad9d8b50d2b6dc247e1b79b38fe2290549c98e82e4fd15",
                "sha256:ba36f6aa3f8933edf94ea35826daf92cbb3ec248b89eccdc053d4a815d285357",
                "sha256:bbc96bde544fd19e9ef168e4dfa5c3dfe704bfa78128fa76f361d64d6b0f731a",
                "sha256:c0c927f1e44469056f7f2dada266c79b577da378bbde3f6d2ada726d131e4824",
                "sha256:c0f9a3708008aa59f560fa1bd22385e05b79b8e38e0721a15a8402b089243442",
                "sha256:f0bf6f36ff9c5643004171f11d2fdc745aa3953c5aacf2536a0685db9ceb3fb1",
                "sha256:f5be39a0146be663cbf210a4d95c3c58b2d7df7b043c9047c5448e358f0550a2",
                "sha256:fcd198bf19d9213e5cbf2cde2b9ef20a9856e716f76f9476157f90ae6de06cc6"
            ],
            "markers": "python_version < '3.7' and implementation_name == 'cpython'",
            "version": "==1.2.0"
        },
        "urwid": {
            "hashes": [
                "sha256:644d3e3900867161a2fc9287a9762753d66bd194754679adb26aede559bcccbc"
            ],
            "version": "==2.0.1"
        },
        "virtualenv": {
            "hashes": [
                "sha256:34b9ae3742abed2f95d3970acf4d80533261d6061b51160b197f84e5b4c98b4c",
                "sha256:fa736831a7b18bd2bfeef746beb622a92509e9733d645952da136b0639cd40cd"
            ],
            "version": "==16.2.0"
        },
        "wrapt": {
            "hashes": [
                "sha256:4aea003270831cceb8a90ff27c4031da6ead7ec1886023b80ce0dfe0adf61533"
            ],
            "version": "==1.11.1"
        }
    }
}
